
Microsoft Visual Studio Solution File, Format Version 12.00
# Visual Studio 14
VisualStudioVersion = 14.0.25420.1
MinimumVisualStudioVersion = 10.0.40219.1
Project("{FAE04EC0-301F-11D3-BF4B-00C04F79EFBC}") = "Dnp.Kanban.Web", "Dnp.Kanban.Web\Dnp.Kanban.Web.csproj", "{81C81C4E-1AB5-4CC6-838F-772BA1BB236B}"
EndProject
Project("{FAE04EC0-301F-11D3-BF4B-00C04F79EFBC}") = "Dnp.Kanban.Web.Tests", "Dnp.Kanban.Web.Tests\Dnp.Kanban.Web.Tests.csproj", "{E1B29362-2619-4E77-9F3C-769EFDCF38B6}"
EndProject
Project("{FAE04EC0-301F-11D3-BF4B-00C04F79EFBC}") = "Dnp.Kanban.Domain", "Dnp.Kanban.Domain\Dnp.Kanban.Domain.csproj", "{B0DB55CA-5164-4AAA-AC45-06116FF3CB74}"
EndProject
Project("{2150E333-8FDC-42A3-9474-1A3956D46DE8}") = "SqlRepository", "SqlRepository", "{66475F9F-46CE-41DB-A1ED-99263B82B698}"
EndProject
Project("{FAE04EC0-301F-11D3-BF4B-00C04F79EFBC}") = "Dnp.Kanban.SqlRepository", "Dnp.Kanban.SqlRespository\Dnp.Kanban.SqlRepository.csproj", "{30DFEC6E-8489-48F4-A516-3A8AC57E410B}"
EndProject
Project("{FAE04EC0-301F-11D3-BF4B-00C04F79EFBC}") = "Dnp.Kanban.SqlRepository.Tests", "Dnp.Kanban.SqlRepository.Tests\Dnp.Kanban.SqlRepository.Tests.csproj", "{99686533-9D9F-42D5-AACF-47062EECFF39}"
EndProject
Project("{FAE04EC0-301F-11D3-BF4B-00C04F79EFBC}") = "Dnp.Common.AngularHtmlHelper", "Dnp.Common.AngularHtmlHelper\Dnp.Common.AngularHtmlHelper.csproj", "{3009A497-C43D-4D8C-9B23-8CE5A5BCCC88}"
EndProject
Project("{FAE04EC0-301F-11D3-BF4B-00C04F79EFBC}") = "Dnp.Kanban.ViewModel", "Dnp.Kanban.ViewModel\Dnp.Kanban.ViewModel.csproj", "{9AEF652E-7452-408E-A914-AFBC4E86974A}"
EndProject
Project("{FAE04EC0-301F-11D3-BF4B-00C04F79EFBC}") = "Dnp.Kanban.DomainTests", "Dnp.Kanban.DomainTests\Dnp.Kanban.DomainTests.csproj", "{FA47907B-8389-453B-ABD8-C7BE6CE95F9B}"
EndProject
Global
	GlobalSection(SolutionConfigurationPlatforms) = preSolution
		Debug|Any CPU = Debug|Any CPU
		Release|Any CPU = Release|Any CPU
	EndGlobalSection
	GlobalSection(ProjectConfigurationPlatforms) = postSolution
		{81C81C4E-1AB5-4CC6-838F-772BA1BB236B}.Debug|Any CPU.ActiveCfg = Debug|Any CPU
		{81C81C4E-1AB5-4CC6-838F-772BA1BB236B}.Debug|Any CPU.Build.0 = Debug|Any CPU
		{81C81C4E-1AB5-4CC6-838F-772BA1BB236B}.Release|Any CPU.ActiveCfg = Release|Any CPU
		{81C81C4E-1AB5-4CC6-838F-772BA1BB236B}.Release|Any CPU.Build.0 = Release|Any CPU
		{E1B29362-2619-4E77-9F3C-769EFDCF38B6}.Debug|Any CPU.ActiveCfg = Debug|Any CPU
		{E1B29362-2619-4E77-9F3C-769EFDCF38B6}.Debug|Any CPU.Build.0 = Debug|Any CPU
		{E1B29362-2619-4E77-9F3C-769EFDCF38B6}.Release|Any CPU.ActiveCfg = Release|Any CPU
		{E1B29362-2619-4E77-9F3C-769EFDCF38B6}.Release|Any CPU.Build.0 = Release|Any CPU
		{B0DB55CA-5164-4AAA-AC45-06116FF3CB74}.Debug|Any CPU.ActiveCfg = Debug|Any CPU
		{B0DB55CA-5164-4AAA-AC45-06116FF3CB74}.Debug|Any CPU.Build.0 = Debug|Any CPU
		{B0DB55CA-5164-4AAA-AC45-06116FF3CB74}.Release|Any CPU.ActiveCfg = Release|Any CPU
		{B0DB55CA-5164-4AAA-AC45-06116FF3CB74}.Release|Any CPU.Build.0 = Release|Any CPU
		{30DFEC6E-8489-48F4-A516-3A8AC57E410B}.Debug|Any CPU.ActiveCfg = Debug|Any CPU
		{30DFEC6E-8489-48F4-A516-3A8AC57E410B}.Debug|Any CPU.Build.0 = Debug|Any CPU
		{30DFEC6E-8489-48F4-A516-3A8AC57E410B}.Release|Any CPU.ActiveCfg = Release|Any CPU
		{30DFEC6E-8489-48F4-A516-3A8AC57E410B}.Release|Any CPU.Build.0 = Release|Any CPU
		{99686533-9D9F-42D5-AACF-47062EECFF39}.Debug|Any CPU.ActiveCfg = Debug|Any CPU
		{99686533-9D9F-42D5-AACF-47062EECFF39}.Debug|Any CPU.Build.0 = Debug|Any CPU
		{99686533-9D9F-42D5-AACF-47062EECFF39}.Release|Any CPU.ActiveCfg = Release|Any CPU
		{99686533-9D9F-42D5-AACF-47062EECFF39}.Release|Any CPU.Build.0 = Release|Any CPU
		{3009A497-C43D-4D8C-9B23-8CE5A5BCCC88}.Debug|Any CPU.ActiveCfg = Debug|Any CPU
		{3009A497-C43D-4D8C-9B23-8CE5A5BCCC88}.Debug|Any CPU.Build.0 = Debug|Any CPU
		{3009A497-C43D-4D8C-9B23-8CE5A5BCCC88}.Release|Any CPU.ActiveCfg = Release|Any CPU
		{3009A497-C43D-4D8C-9B23-8CE5A5BCCC88}.Release|Any CPU.Build.0 = Release|Any CPU
		{9AEF652E-7452-408E-A914-AFBC4E86974A}.Debug|Any CPU.ActiveCfg = Debug|Any CPU
		{9AEF652E-7452-408E-A914-AFBC4E86974A}.Debug|Any CPU.Build.0 = Debug|Any CPU
		{9AEF652E-7452-408E-A914-AFBC4E86974A}.Release|Any CPU.ActiveCfg = Release|Any CPU
		{9AEF652E-7452-408E-A914-AFBC4E86974A}.Release|Any CPU.Build.0 = Release|Any CPU
		{FA47907B-8389-453B-ABD8-C7BE6CE95F9B}.Debug|Any CPU.ActiveCfg = Debug|Any CPU
		{FA47907B-8389-453B-ABD8-C7BE6CE95F9B}.Debug|Any CPU.Build.0 = Debug|Any CPU
		{FA47907B-8389-453B-ABD8-C7BE6CE95F9B}.Release|Any CPU.ActiveCfg = Release|Any CPU
		{FA47907B-8389-453B-ABD8-C7BE6CE95F9B}.Release|Any CPU.Build.0 = Release|Any CPU
	EndGlobalSection
	GlobalSection(SolutionProperties) = preSolution
		HideSolutionNode = FALSE
	EndGlobalSection
	GlobalSection(NestedProjects) = preSolution
		{30DFEC6E-8489-48F4-A516-3A8AC57E410B} = {66475F9F-46CE-41DB-A1ED-99263B82B698}
		{99686533-9D9F-42D5-AACF-47062EECFF39} = {66475F9F-46CE-41DB-A1ED-99263B82B698}
	EndGlobalSection
EndGlobal
